// !$*UTF8*$!
{
	archiveVersion = 1;
	classes = {
	};
	objectVersion = 46;
	objects = {

/* Begin PBXBuildFile section */
		4429968211CCCF8F1E5DF9E1 /* libPods-SocialStorageUITests.a in Frameworks */ = {isa = PBXBuildFile; fileRef = B38514A62F8F9DB635EDF2CB /* libPods-SocialStorageUITests.a */; };
		A02E5C861E13D68800B41327 /* YKSocialNetworkListViewController.m in Sources */ = {isa = PBXBuildFile; fileRef = A02E5C831E13D68800B41327 /* YKSocialNetworkListViewController.m */; };
		A02E5C8B1E13D91D00B41327 /* SocialNetworks.plist in Resources */ = {isa = PBXBuildFile; fileRef = A02E5C8A1E13D91D00B41327 /* SocialNetworks.plist */; };
		A03702891E0E77A300B0A249 /* main.m in Sources */ = {isa = PBXBuildFile; fileRef = A03702881E0E77A300B0A249 /* main.m */; };
		A037028C1E0E77A300B0A249 /* YKAppDelegate.m in Sources */ = {isa = PBXBuildFile; fileRef = A037028B1E0E77A300B0A249 /* YKAppDelegate.m */; };
		A03702951E0E77A300B0A249 /* Main.storyboard in Resources */ = {isa = PBXBuildFile; fileRef = A03702931E0E77A300B0A249 /* Main.storyboard */; };
		A03702971E0E77A300B0A249 /* Assets.xcassets in Resources */ = {isa = PBXBuildFile; fileRef = A03702961E0E77A300B0A249 /* Assets.xcassets */; };
		A037029A1E0E77A300B0A249 /* LaunchScreen.storyboard in Resources */ = {isa = PBXBuildFile; fileRef = A03702981E0E77A300B0A249 /* LaunchScreen.storyboard */; };
		A03702A51E0E77A300B0A249 /* SocialStorageTests.m in Sources */ = {isa = PBXBuildFile; fileRef = A03702A41E0E77A300B0A249 /* SocialStorageTests.m */; };
		A03702B01E0E77A300B0A249 /* SocialStorageUITests.m in Sources */ = {isa = PBXBuildFile; fileRef = A03702AF1E0E77A300B0A249 /* SocialStorageUITests.m */; };
		A055ADEC1E1BBBA6009B7607 /* YKSocialNetworkAuthorizationManager.m in Sources */ = {isa = PBXBuildFile; fileRef = A055ADEB1E1BBBA6009B7607 /* YKSocialNetworkAuthorizationManager.m */; };
		A06E690A1E1FA51100E78931 /* YKSocialNetworkLoginViewController.m in Sources */ = {isa = PBXBuildFile; fileRef = A06E69091E1FA51100E78931 /* YKSocialNetworkLoginViewController.m */; };
		A0CD06F21E589E48000C637A /* YKSocialContentViewController.m in Sources */ = {isa = PBXBuildFile; fileRef = A0CD06F11E589E48000C637A /* YKSocialContentViewController.m */; };
		A0CD06F51E589F4C000C637A /* YKSocialContentTableViewCell.m in Sources */ = {isa = PBXBuildFile; fileRef = A0CD06F41E589F4C000C637A /* YKSocialContentTableViewCell.m */; };
		A9D7BD3497A9EEF146BBB9AA /* libPods-SocialStorageTests.a in Frameworks */ = {isa = PBXBuildFile; fileRef = 6B2A30C42ED6F788EEA51C16 /* libPods-SocialStorageTests.a */; };
		F9A41E4ABB4220A2107AB508 /* libPods-SocialStorage.a in Frameworks */ = {isa = PBXBuildFile; fileRef = 20C6FF4B96A5CE0D942B3D04 /* libPods-SocialStorage.a */; };
/* End PBXBuildFile section */

/* Begin PBXContainerItemProxy section */
		A03702A11E0E77A300B0A249 /* PBXContainerItemProxy */ = {
			isa = PBXContainerItemProxy;
			containerPortal = A037027C1E0E77A200B0A249 /* Project object */;
			proxyType = 1;
			remoteGlobalIDString = A03702831E0E77A300B0A249;
			remoteInfo = SocialStorage;
		};
		A03702AC1E0E77A300B0A249 /* PBXContainerItemProxy */ = {
			isa = PBXContainerItemProxy;
			containerPortal = A037027C1E0E77A200B0A249 /* Project object */;
			proxyType = 1;
			remoteGlobalIDString = A03702831E0E77A300B0A249;
			remoteInfo = SocialStorage;
		};
/* End PBXContainerItemProxy section */

/* Begin PBXFileReference section */
		0A5079B249C6C57F04899B45 /* Pods-SocialStorage.release.xcconfig */ = {isa = PBXFileReference; includeInIndex = 1; lastKnownFileType = text.xcconfig; name = "Pods-SocialStorage.release.xcconfig"; path = "Pods/Target Support Files/Pods-SocialStorage/Pods-SocialStorage.release.xcconfig"; sourceTree = "<group>"; };
		20C6FF4B96A5CE0D942B3D04 /* libPods-SocialStorage.a */ = {isa = PBXFileReference; explicitFileType = archive.ar; includeInIndex = 0; path = "libPods-SocialStorage.a"; sourceTree = BUILT_PRODUCTS_DIR; };
		2678669AF501D85E336B9F11 /* Pods-SocialStorageTests.release.xcconfig */ = {isa = PBXFileReference; includeInIndex = 1; lastKnownFileType = text.xcconfig; name = "Pods-SocialStorageTests.release.xcconfig"; path = "Pods/Target Support Files/Pods-SocialStorageTests/Pods-SocialStorageTests.release.xcconfig"; sourceTree = "<group>"; };
		355128658032E90388BCC87C /* Pods-SocialStorageUITests.release.xcconfig */ = {isa = PBXFileReference; includeInIndex = 1; lastKnownFileType = text.xcconfig; name = "Pods-SocialStorageUITests.release.xcconfig"; path = "Pods/Target Support Files/Pods-SocialStorageUITests/Pods-SocialStorageUITests.release.xcconfig"; sourceTree = "<group>"; };
		6B2A30C42ED6F788EEA51C16 /* libPods-SocialStorageTests.a */ = {isa = PBXFileReference; explicitFileType = archive.ar; includeInIndex = 0; path = "libPods-SocialStorageTests.a"; sourceTree = BUILT_PRODUCTS_DIR; };
		6B8B2F3175C59E39EEB4131E /* Pods-SocialStorageTests.debug.xcconfig */ = {isa = PBXFileReference; includeInIndex = 1; lastKnownFileType = text.xcconfig; name = "Pods-SocialStorageTests.debug.xcconfig"; path = "Pods/Target Support Files/Pods-SocialStorageTests/Pods-SocialStorageTests.debug.xcconfig"; sourceTree = "<group>"; };
		7B98849F65EDEA23922A9635 /* Pods-SocialStorage.debug.xcconfig */ = {isa = PBXFileReference; includeInIndex = 1; lastKnownFileType = text.xcconfig; name = "Pods-SocialStorage.debug.xcconfig"; path = "Pods/Target Support Files/Pods-SocialStorage/Pods-SocialStorage.debug.xcconfig"; sourceTree = "<group>"; };
		A02E5C821E13D68800B41327 /* YKSocialNetworkListViewController.h */ = {isa = PBXFileReference; fileEncoding = 4; lastKnownFileType = sourcecode.c.h; name = YKSocialNetworkListViewController.h; path = "View Controllers/YKSocialNetworkListViewController.h"; sourceTree = "<group>"; };
		A02E5C831E13D68800B41327 /* YKSocialNetworkListViewController.m */ = {isa = PBXFileReference; fileEncoding = 4; lastKnownFileType = sourcecode.c.objc; name = YKSocialNetworkListViewController.m; path = "View Controllers/YKSocialNetworkListViewController.m"; sourceTree = "<group>"; };
		A02E5C8A1E13D91D00B41327 /* SocialNetworks.plist */ = {isa = PBXFileReference; fileEncoding = 4; lastKnownFileType = text.plist.xml; path = SocialNetworks.plist; sourceTree = "<group>"; };
		A03702841E0E77A300B0A249 /* SocialStorage.app */ = {isa = PBXFileReference; explicitFileType = wrapper.application; includeInIndex = 0; path = SocialStorage.app; sourceTree = BUILT_PRODUCTS_DIR; };
		A03702881E0E77A300B0A249 /* main.m */ = {isa = PBXFileReference; lastKnownFileType = sourcecode.c.objc; path = main.m; sourceTree = "<group>"; };
		A037028A1E0E77A300B0A249 /* YKAppDelegate.h */ = {isa = PBXFileReference; lastKnownFileType = sourcecode.c.h; path = YKAppDelegate.h; sourceTree = "<group>"; };
		A037028B1E0E77A300B0A249 /* YKAppDelegate.m */ = {isa = PBXFileReference; lastKnownFileType = sourcecode.c.objc; path = YKAppDelegate.m; sourceTree = "<group>"; };
		A03702941E0E77A300B0A249 /* Base */ = {isa = PBXFileReference; lastKnownFileType = file.storyboard; name = Base; path = Base.lproj/Main.storyboard; sourceTree = "<group>"; };
		A03702961E0E77A300B0A249 /* Assets.xcassets */ = {isa = PBXFileReference; lastKnownFileType = folder.assetcatalog; path = Assets.xcassets; sourceTree = "<group>"; };
		A03702991E0E77A300B0A249 /* Base */ = {isa = PBXFileReference; lastKnownFileType = file.storyboard; name = Base; path = Base.lproj/LaunchScreen.storyboard; sourceTree = "<group>"; };
		A037029B1E0E77A300B0A249 /* Info.plist */ = {isa = PBXFileReference; lastKnownFileType = text.plist.xml; path = Info.plist; sourceTree = "<group>"; };
		A03702A01E0E77A300B0A249 /* SocialStorageTests.xctest */ = {isa = PBXFileReference; explicitFileType = wrapper.cfbundle; includeInIndex = 0; path = SocialStorageTests.xctest; sourceTree = BUILT_PRODUCTS_DIR; };
		A03702A41E0E77A300B0A249 /* SocialStorageTests.m */ = {isa = PBXFileReference; lastKnownFileType = sourcecode.c.objc; path = SocialStorageTests.m; sourceTree = "<group>"; };
		A03702A61E0E77A300B0A249 /* Info.plist */ = {isa = PBXFileReference; lastKnownFileType = text.plist.xml; path = Info.plist; sourceTree = "<group>"; };
		A03702AB1E0E77A300B0A249 /* SocialStorageUITests.xctest */ = {isa = PBXFileReference; explicitFileType = wrapper.cfbundle; includeInIndex = 0; path = SocialStorageUITests.xctest; sourceTree = BUILT_PRODUCTS_DIR; };
		A03702AF1E0E77A300B0A249 /* SocialStorageUITests.m */ = {isa = PBXFileReference; lastKnownFileType = sourcecode.c.objc; path = SocialStorageUITests.m; sourceTree = "<group>"; };
		A03702B11E0E77A300B0A249 /* Info.plist */ = {isa = PBXFileReference; lastKnownFileType = text.plist.xml; path = Info.plist; sourceTree = "<group>"; };
		A055ADE61E1BAC97009B7607 /* YKSocialNetworkConstants.h */ = {isa = PBXFileReference; lastKnownFileType = sourcecode.c.h; name = YKSocialNetworkConstants.h; path = Constants/YKSocialNetworkConstants.h; sourceTree = "<group>"; };
		A055ADEA1E1BBBA6009B7607 /* YKSocialNetworkAuthorizationManager.h */ = {isa = PBXFileReference; fileEncoding = 4; lastKnownFileType = sourcecode.c.h; name = YKSocialNetworkAuthorizationManager.h; path = Managers/YKSocialNetworkAuthorizationManager.h; sourceTree = "<group>"; };
		A055ADEB1E1BBBA6009B7607 /* YKSocialNetworkAuthorizationManager.m */ = {isa = PBXFileReference; fileEncoding = 4; lastKnownFileType = sourcecode.c.objc; name = YKSocialNetworkAuthorizationManager.m; path = Managers/YKSocialNetworkAuthorizationManager.m; sourceTree = "<group>"; };
		A06E69081E1FA51100E78931 /* YKSocialNetworkLoginViewController.h */ = {isa = PBXFileReference; fileEncoding = 4; lastKnownFileType = sourcecode.c.h; name = YKSocialNetworkLoginViewController.h; path = "View Controllers/YKSocialNetworkLoginViewController.h"; sourceTree = "<group>"; };
		A06E69091E1FA51100E78931 /* YKSocialNetworkLoginViewController.m */ = {isa = PBXFileReference; fileEncoding = 4; lastKnownFileType = sourcecode.c.objc; name = YKSocialNetworkLoginViewController.m; path = "View Controllers/YKSocialNetworkLoginViewController.m"; sourceTree = "<group>"; };
		A0CD06F01E589E48000C637A /* YKSocialContentViewController.h */ = {isa = PBXFileReference; fileEncoding = 4; lastKnownFileType = sourcecode.c.h; name = YKSocialContentViewController.h; path = "View Controllers/YKSocialContentViewController.h"; sourceTree = "<group>"; };
		A0CD06F11E589E48000C637A /* YKSocialContentViewController.m */ = {isa = PBXFileReference; fileEncoding = 4; lastKnownFileType = sourcecode.c.objc; name = YKSocialContentViewController.m; path = "View Controllers/YKSocialContentViewController.m"; sourceTree = "<group>"; };
		A0CD06F31E589F4C000C637A /* YKSocialContentTableViewCell.h */ = {isa = PBXFileReference; fileEncoding = 4; lastKnownFileType = sourcecode.c.h; name = YKSocialContentTableViewCell.h; path = Cells/YKSocialContentTableViewCell.h; sourceTree = "<group>"; };
		A0CD06F41E589F4C000C637A /* YKSocialContentTableViewCell.m */ = {isa = PBXFileReference; fileEncoding = 4; lastKnownFileType = sourcecode.c.objc; name = YKSocialContentTableViewCell.m; path = Cells/YKSocialContentTableViewCell.m; sourceTree = "<group>"; };
		A6BC195851DDF48ACB43088A /* Pods-SocialStorageUITests.debug.xcconfig */ = {isa = PBXFileReference; includeInIndex = 1; lastKnownFileType = text.xcconfig; name = "Pods-SocialStorageUITests.debug.xcconfig"; path = "Pods/Target Support Files/Pods-SocialStorageUITests/Pods-SocialStorageUITests.debug.xcconfig"; sourceTree = "<group>"; };
		B38514A62F8F9DB635EDF2CB /* libPods-SocialStorageUITests.a */ = {isa = PBXFileReference; explicitFileType = archive.ar; includeInIndex = 0; path = "libPods-SocialStorageUITests.a"; sourceTree = BUILT_PRODUCTS_DIR; };
/* End PBXFileReference section */

/* Begin PBXFrameworksBuildPhase section */
		A03702811E0E77A300B0A249 /* Frameworks */ = {
			isa = PBXFrameworksBuildPhase;
			buildActionMask = 2147483647;
			files = (
				F9A41E4ABB4220A2107AB508 /* libPods-SocialStorage.a in Frameworks */,
			);
			runOnlyForDeploymentPostprocessing = 0;
		};
		A037029D1E0E77A300B0A249 /* Frameworks */ = {
			isa = PBXFrameworksBuildPhase;
			buildActionMask = 2147483647;
			files = (
				A9D7BD3497A9EEF146BBB9AA /* libPods-SocialStorageTests.a in Frameworks */,
			);
			runOnlyForDeploymentPostprocessing = 0;
		};
		A03702A81E0E77A300B0A249 /* Frameworks */ = {
			isa = PBXFrameworksBuildPhase;
			buildActionMask = 2147483647;
			files = (
				4429968211CCCF8F1E5DF9E1 /* libPods-SocialStorageUITests.a in Frameworks */,
			);
			runOnlyForDeploymentPostprocessing = 0;
		};
/* End PBXFrameworksBuildPhase section */

/* Begin PBXGroup section */
		24A50B1615176338A326F6A5 /* Frameworks */ = {
			isa = PBXGroup;
			children = (
				20C6FF4B96A5CE0D942B3D04 /* libPods-SocialStorage.a */,
				6B2A30C42ED6F788EEA51C16 /* libPods-SocialStorageTests.a */,
				B38514A62F8F9DB635EDF2CB /* libPods-SocialStorageUITests.a */,
			);
			name = Frameworks;
			sourceTree = "<group>";
		};
		4672610963424DAB14432FA6 /* Pods */ = {
			isa = PBXGroup;
			children = (
				7B98849F65EDEA23922A9635 /* Pods-SocialStorage.debug.xcconfig */,
				0A5079B249C6C57F04899B45 /* Pods-SocialStorage.release.xcconfig */,
				6B8B2F3175C59E39EEB4131E /* Pods-SocialStorageTests.debug.xcconfig */,
				2678669AF501D85E336B9F11 /* Pods-SocialStorageTests.release.xcconfig */,
				A6BC195851DDF48ACB43088A /* Pods-SocialStorageUITests.debug.xcconfig */,
				355128658032E90388BCC87C /* Pods-SocialStorageUITests.release.xcconfig */,
			);
			name = Pods;
			sourceTree = "<group>";
		};
		A02E5C811E13D66F00B41327 /* View Controllers */ = {
			isa = PBXGroup;
			children = (
				A02E5C821E13D68800B41327 /* YKSocialNetworkListViewController.h */,
				A02E5C831E13D68800B41327 /* YKSocialNetworkListViewController.m */,
				A06E69081E1FA51100E78931 /* YKSocialNetworkLoginViewController.h */,
				A06E69091E1FA51100E78931 /* YKSocialNetworkLoginViewController.m */,
				A0CD06F01E589E48000C637A /* YKSocialContentViewController.h */,
				A0CD06F11E589E48000C637A /* YKSocialContentViewController.m */,
			);
			name = "View Controllers";
			sourceTree = "<group>";
		};
		A02E5C881E13D6A100B41327 /* Data Models */ = {
			isa = PBXGroup;
			children = (
			);
			name = "Data Models";
			sourceTree = "<group>";
		};
		A037027B1E0E77A200B0A249 = {
			isa = PBXGroup;
			children = (
				A03702861E0E77A300B0A249 /* SocialStorage */,
				A03702A31E0E77A300B0A249 /* SocialStorageTests */,
				A03702AE1E0E77A300B0A249 /* SocialStorageUITests */,
				A03702851E0E77A300B0A249 /* Products */,
				4672610963424DAB14432FA6 /* Pods */,
				24A50B1615176338A326F6A5 /* Frameworks */,
			);
			sourceTree = "<group>";
		};
		A03702851E0E77A300B0A249 /* Products */ = {
			isa = PBXGroup;
			children = (
				A03702841E0E77A300B0A249 /* SocialStorage.app */,
				A03702A01E0E77A300B0A249 /* SocialStorageTests.xctest */,
				A03702AB1E0E77A300B0A249 /* SocialStorageUITests.xctest */,
			);
			name = Products;
			sourceTree = "<group>";
		};
		A03702861E0E77A300B0A249 /* SocialStorage */ = {
			isa = PBXGroup;
			children = (
				A037028A1E0E77A300B0A249 /* YKAppDelegate.h */,
				A037028B1E0E77A300B0A249 /* YKAppDelegate.m */,
				A055ADE51E1BAC62009B7607 /* Managers */,
				A055ADE41E1BAC57009B7607 /* Constants */,
				A02E5C881E13D6A100B41327 /* Data Models */,
				A0CD06F61E589F90000C637A /* Cells */,
				A02E5C811E13D66F00B41327 /* View Controllers */,
				A03702931E0E77A300B0A249 /* Main.storyboard */,
				A03702961E0E77A300B0A249 /* Assets.xcassets */,
				A03702981E0E77A300B0A249 /* LaunchScreen.storyboard */,
				A037029B1E0E77A300B0A249 /* Info.plist */,
				A02E5C8A1E13D91D00B41327 /* SocialNetworks.plist */,
				A03702871E0E77A300B0A249 /* Supporting Files */,
			);
			path = SocialStorage;
			sourceTree = "<group>";
		};
		A03702871E0E77A300B0A249 /* Supporting Files */ = {
			isa = PBXGroup;
			children = (
				A03702881E0E77A300B0A249 /* main.m */,
			);
			name = "Supporting Files";
			sourceTree = "<group>";
		};
		A03702A31E0E77A300B0A249 /* SocialStorageTests */ = {
			isa = PBXGroup;
			children = (
				A03702A41E0E77A300B0A249 /* SocialStorageTests.m */,
				A03702A61E0E77A300B0A249 /* Info.plist */,
			);
			path = SocialStorageTests;
			sourceTree = "<group>";
		};
		A03702AE1E0E77A300B0A249 /* SocialStorageUITests */ = {
			isa = PBXGroup;
			children = (
				A03702AF1E0E77A300B0A249 /* SocialStorageUITests.m */,
				A03702B11E0E77A300B0A249 /* Info.plist */,
			);
			path = SocialStorageUITests;
			sourceTree = "<group>";
		};
		A055ADE41E1BAC57009B7607 /* Constants */ = {
			isa = PBXGroup;
			children = (
				A055ADE61E1BAC97009B7607 /* YKSocialNetworkConstants.h */,
			);
			name = Constants;
			sourceTree = "<group>";
		};
		A055ADE51E1BAC62009B7607 /* Managers */ = {
			isa = PBXGroup;
			children = (
				A055ADEA1E1BBBA6009B7607 /* YKSocialNetworkAuthorizationManager.h */,
				A055ADEB1E1BBBA6009B7607 /* YKSocialNetworkAuthorizationManager.m */,
			);
			name = Managers;
			sourceTree = "<group>";
		};
		A0CD06F61E589F90000C637A /* Cells */ = {
			isa = PBXGroup;
			children = (
				A0CD06F31E589F4C000C637A /* YKSocialContentTableViewCell.h */,
				A0CD06F41E589F4C000C637A /* YKSocialContentTableViewCell.m */,
			);
			name = Cells;
			sourceTree = "<group>";
		};
/* End PBXGroup section */

/* Begin PBXNativeTarget section */
		A03702831E0E77A300B0A249 /* SocialStorage */ = {
			isa = PBXNativeTarget;
			buildConfigurationList = A03702B41E0E77A300B0A249 /* Build configuration list for PBXNativeTarget "SocialStorage" */;
			buildPhases = (
				B03433F7C1A04D1CCA53447B /* [CP] Check Pods Manifest.lock */,
				A03702801E0E77A300B0A249 /* Sources */,
				A03702811E0E77A300B0A249 /* Frameworks */,
				A03702821E0E77A300B0A249 /* Resources */,
				CCBB47F081230D9064D5CD24 /* [CP] Embed Pods Frameworks */,
				585FA5E9D034CC70A651079E /* [CP] Copy Pods Resources */,
			);
			buildRules = (
			);
			dependencies = (
			);
			name = SocialStorage;
			productName = SocialStorage;
			productReference = A03702841E0E77A300B0A249 /* SocialStorage.app */;
			productType = "com.apple.product-type.application";
		};
		A037029F1E0E77A300B0A249 /* SocialStorageTests */ = {
			isa = PBXNativeTarget;
			buildConfigurationList = A03702B71E0E77A300B0A249 /* Build configuration list for PBXNativeTarget "SocialStorageTests" */;
			buildPhases = (
				88C67FC9D2168011BDC19A57 /* [CP] Check Pods Manifest.lock */,
				A037029C1E0E77A300B0A249 /* Sources */,
				A037029D1E0E77A300B0A249 /* Frameworks */,
				A037029E1E0E77A300B0A249 /* Resources */,
				0007EA9171E700CBF75B8AE2 /* [CP] Embed Pods Frameworks */,
				7C779F2AE3DD0CF0CDE92BBC /* [CP] Copy Pods Resources */,
			);
			buildRules = (
			);
			dependencies = (
				A03702A21E0E77A300B0A249 /* PBXTargetDependency */,
			);
			name = SocialStorageTests;
			productName = SocialStorageTests;
			productReference = A03702A01E0E77A300B0A249 /* SocialStorageTests.xctest */;
			productType = "com.apple.product-type.bundle.unit-test";
		};
		A03702AA1E0E77A300B0A249 /* SocialStorageUITests */ = {
			isa = PBXNativeTarget;
			buildConfigurationList = A03702BA1E0E77A300B0A249 /* Build configuration list for PBXNativeTarget "SocialStorageUITests" */;
			buildPhases = (
				46D79E40ED8B681890C32E24 /* [CP] Check Pods Manifest.lock */,
				A03702A71E0E77A300B0A249 /* Sources */,
				A03702A81E0E77A300B0A249 /* Frameworks */,
				A03702A91E0E77A300B0A249 /* Resources */,
				3D1AE83873BF06FB027D7ED4 /* [CP] Embed Pods Frameworks */,
				C5CFAC04421D28E130F3C49D /* [CP] Copy Pods Resources */,
			);
			buildRules = (
			);
			dependencies = (
				A03702AD1E0E77A300B0A249 /* PBXTargetDependency */,
			);
			name = SocialStorageUITests;
			productName = SocialStorageUITests;
			productReference = A03702AB1E0E77A300B0A249 /* SocialStorageUITests.xctest */;
			productType = "com.apple.product-type.bundle.ui-testing";
		};
/* End PBXNativeTarget section */

/* Begin PBXProject section */
		A037027C1E0E77A200B0A249 /* Project object */ = {
			isa = PBXProject;
			attributes = {
				LastUpgradeCheck = 0820;
				ORGANIZATIONNAME = "Yevhen Kharytonenko";
				TargetAttributes = {
					A03702831E0E77A300B0A249 = {
						CreatedOnToolsVersion = 8.2;
						ProvisioningStyle = Automatic;
					};
					A037029F1E0E77A300B0A249 = {
						CreatedOnToolsVersion = 8.2;
						ProvisioningStyle = Automatic;
						TestTargetID = A03702831E0E77A300B0A249;
					};
					A03702AA1E0E77A300B0A249 = {
						CreatedOnToolsVersion = 8.2;
						ProvisioningStyle = Automatic;
						TestTargetID = A03702831E0E77A300B0A249;
					};
				};
			};
			buildConfigurationList = A037027F1E0E77A200B0A249 /* Build configuration list for PBXProject "SocialStorage" */;
			compatibilityVersion = "Xcode 3.2";
			developmentRegion = English;
			hasScannedForEncodings = 0;
			knownRegions = (
				en,
				Base,
			);
			mainGroup = A037027B1E0E77A200B0A249;
			productRefGroup = A03702851E0E77A300B0A249 /* Products */;
			projectDirPath = "";
			projectRoot = "";
			targets = (
				A03702831E0E77A300B0A249 /* SocialStorage */,
				A037029F1E0E77A300B0A249 /* SocialStorageTests */,
				A03702AA1E0E77A300B0A249 /* SocialStorageUITests */,
			);
		};
/* End PBXProject section */

/* Begin PBXResourcesBuildPhase section */
		A03702821E0E77A300B0A249 /* Resources */ = {
			isa = PBXResourcesBuildPhase;
			buildActionMask = 2147483647;
			files = (
				A037029A1E0E77A300B0A249 /* LaunchScreen.storyboard in Resources */,
				A03702971E0E77A300B0A249 /* Assets.xcassets in Resources */,
				A02E5C8B1E13D91D00B41327 /* SocialNetworks.plist in Resources */,
				A03702951E0E77A300B0A249 /* Main.storyboard in Resources */,
			);
			runOnlyForDeploymentPostprocessing = 0;
		};
		A037029E1E0E77A300B0A249 /* Resources */ = {
			isa = PBXResourcesBuildPhase;
			buildActionMask = 2147483647;
			files = (
			);
			runOnlyForDeploymentPostprocessing = 0;
		};
		A03702A91E0E77A300B0A249 /* Resources */ = {
			isa = PBXResourcesBuildPhase;
			buildActionMask = 2147483647;
			files = (
			);
			runOnlyForDeploymentPostprocessing = 0;
		};
/* End PBXResourcesBuildPhase section */

/* Begin PBXShellScriptBuildPhase section */
		0007EA9171E700CBF75B8AE2 /* [CP] Embed Pods Frameworks */ = {
			isa = PBXShellScriptBuildPhase;
			buildActionMask = 2147483647;
			files = (
			);
			inputPaths = (
			);
			name = "[CP] Embed Pods Frameworks";
			outputPaths = (
			);
			runOnlyForDeploymentPostprocessing = 0;
			shellPath = /bin/sh;
			shellScript = "\"${SRCROOT}/Pods/Target Support Files/Pods-SocialStorageTests/Pods-SocialStorageTests-frameworks.sh\"\n";
			showEnvVarsInLog = 0;
		};
		3D1AE83873BF06FB027D7ED4 /* [CP] Embed Pods Frameworks */ = {
			isa = PBXShellScriptBuildPhase;
			buildActionMask = 2147483647;
			files = (
			);
			inputPaths = (
			);
			name = "[CP] Embed Pods Frameworks";
			outputPaths = (
			);
			runOnlyForDeploymentPostprocessing = 0;
			shellPath = /bin/sh;
			shellScript = "\"${SRCROOT}/Pods/Target Support Files/Pods-SocialStorageUITests/Pods-SocialStorageUITests-frameworks.sh\"\n";
			showEnvVarsInLog = 0;
		};
		46D79E40ED8B681890C32E24 /* [CP] Check Pods Manifest.lock */ = {
			isa = PBXShellScriptBuildPhase;
			buildActionMask = 2147483647;
			files = (
			);
			inputPaths = (
			);
			name = "[CP] Check Pods Manifest.lock";
			outputPaths = (
			);
			runOnlyForDeploymentPostprocessing = 0;
			shellPath = /bin/sh;
			shellScript = "diff \"${PODS_ROOT}/../Podfile.lock\" \"${PODS_ROOT}/Manifest.lock\" > /dev/null\nif [ $? != 0 ] ; then\n    # print error to STDERR\n    echo \"error: The sandbox is not in sync with the Podfile.lock. Run 'pod install' or update your CocoaPods installation.\" >&2\n    exit 1\nfi\n";
			showEnvVarsInLog = 0;
		};
		585FA5E9D034CC70A651079E /* [CP] Copy Pods Resources */ = {
			isa = PBXShellScriptBuildPhase;
			buildActionMask = 2147483647;
			files = (
			);
			inputPaths = (
			);
			name = "[CP] Copy Pods Resources";
			outputPaths = (
			);
			runOnlyForDeploymentPostprocessing = 0;
			shellPath = /bin/sh;
			shellScript = "\"${SRCROOT}/Pods/Target Support Files/Pods-SocialStorage/Pods-SocialStorage-resources.sh\"\n";
			showEnvVarsInLog = 0;
		};
		7C779F2AE3DD0CF0CDE92BBC /* [CP] Copy Pods Resources */ = {
			isa = PBXShellScriptBuildPhase;
			buildActionMask = 2147483647;
			files = (
			);
			inputPaths = (
			);
			name = "[CP] Copy Pods Resources";
			outputPaths = (
			);
			runOnlyForDeploymentPostprocessing = 0;
			shellPath = /bin/sh;
			shellScript = "\"${SRCROOT}/Pods/Target Support Files/Pods-SocialStorageTests/Pods-SocialStorageTests-resources.sh\"\n";
			showEnvVarsInLog = 0;
		};
		88C67FC9D2168011BDC19A57 /* [CP] Check Pods Manifest.lock */ = {
			isa = PBXShellScriptBuildPhase;
			buildActionMask = 2147483647;
			files = (
			);
			inputPaths = (
			);
			name = "[CP] Check Pods Manifest.lock";
			outputPaths = (
			);
			runOnlyForDeploymentPostprocessing = 0;
			shellPath = /bin/sh;
			shellScript = "diff \"${PODS_ROOT}/../Podfile.lock\" \"${PODS_ROOT}/Manifest.lock\" > /dev/null\nif [ $? != 0 ] ; then\n    # print error to STDERR\n    echo \"error: The sandbox is not in sync with the Podfile.lock. Run 'pod install' or update your CocoaPods installation.\" >&2\n    exit 1\nfi\n";
			showEnvVarsInLog = 0;
		};
		B03433F7C1A04D1CCA53447B /* [CP] Check Pods Manifest.lock */ = {
			isa = PBXShellScriptBuildPhase;
			buildActionMask = 2147483647;
			files = (
			);
			inputPaths = (
			);
			name = "[CP] Check Pods Manifest.lock";
			outputPaths = (
			);
			runOnlyForDeploymentPostprocessing = 0;
			shellPath = /bin/sh;
			shellScript = "diff \"${PODS_ROOT}/../Podfile.lock\" \"${PODS_ROOT}/Manifest.lock\" > /dev/null\nif [ $? != 0 ] ; then\n    # print error to STDERR\n    echo \"error: The sandbox is not in sync with the Podfile.lock. Run 'pod install' or update your CocoaPods installation.\" >&2\n    exit 1\nfi\n";
			showEnvVarsInLog = 0;
		};
		C5CFAC04421D28E130F3C49D /* [CP] Copy Pods Resources */ = {
			isa = PBXShellScriptBuildPhase;
			buildActionMask = 2147483647;
			files = (
			);
			inputPaths = (
			);
			name = "[CP] Copy Pods Resources";
			outputPaths = (
			);
			runOnlyForDeploymentPostprocessing = 0;
			shellPath = /bin/sh;
			shellScript = "\"${SRCROOT}/Pods/Target Support Files/Pods-SocialStorageUITests/Pods-SocialStorageUITests-resources.sh\"\n";
			showEnvVarsInLog = 0;
		};
		CCBB47F081230D9064D5CD24 /* [CP] Embed Pods Frameworks */ = {
			isa = PBXShellScriptBuildPhase;
			buildActionMask = 2147483647;
			files = (
			);
			inputPaths = (
			);
			name = "[CP] Embed Pods Frameworks";
			outputPaths = (
			);
			runOnlyForDeploymentPostprocessing = 0;
			shellPath = /bin/sh;
			shellScript = "\"${SRCROOT}/Pods/Target Support Files/Pods-SocialStorage/Pods-SocialStorage-frameworks.sh\"\n";
			showEnvVarsInLog = 0;
		};
/* End PBXShellScriptBuildPhase section */

/* Begin PBXSourcesBuildPhase section */
		A03702801E0E77A300B0A249 /* Sources */ = {
			isa = PBXSourcesBuildPhase;
			buildActionMask = 2147483647;
			files = (
				A037028C1E0E77A300B0A249 /* YKAppDelegate.m in Sources */,
				A03702891E0E77A300B0A249 /* main.m in Sources */,
				A0CD06F21E589E48000C637A /* YKSocialContentViewController.m in Sources */,
				A055ADEC1E1BBBA6009B7607 /* YKSocialNetworkAuthorizationManager.m in Sources */,
				A06E690A1E1FA51100E78931 /* YKSocialNetworkLoginViewController.m in Sources */,
				A02E5C861E13D68800B41327 /* YKSocialNetworkListViewController.m in Sources */,
				A0CD06F51E589F4C000C637A /* YKSocialContentTableViewCell.m in Sources */,
			);
			runOnlyForDeploymentPostprocessing = 0;
		};
		A037029C1E0E77A300B0A249 /* Sources */ = {
			isa = PBXSourcesBuildPhase;
			buildActionMask = 2147483647;
			files = (
				A03702A51E0E77A300B0A249 /* SocialStorageTests.m in Sources */,
			);
			runOnlyForDeploymentPostprocessing = 0;
		};
		A03702A71E0E77A300B0A249 /* Sources */ = {
			isa = PBXSourcesBuildPhase;
			buildActionMask = 2147483647;
			files = (
				A03702B01E0E77A300B0A249 /* SocialStorageUITests.m in Sources */,
			);
			runOnlyForDeploymentPostprocessing = 0;
		};
/* End PBXSourcesBuildPhase section */

/* Begin PBXTargetDependency section */
		A03702A21E0E77A300B0A249 /* PBXTargetDependency */ = {
			isa = PBXTargetDependency;
			target = A03702831E0E77A300B0A249 /* SocialStorage */;
			targetProxy = A03702A11E0E77A300B0A249 /* PBXContainerItemProxy */;
		};
		A03702AD1E0E77A300B0A249 /* PBXTargetDependency */ = {
			isa = PBXTargetDependency;
			target = A03702831E0E77A300B0A249 /* SocialStorage */;
			targetProxy = A03702AC1E0E77A300B0A249 /* PBXContainerItemProxy */;
		};
/* End PBXTargetDependency section */

/* Begin PBXVariantGroup section */
		A03702931E0E77A300B0A249 /* Main.storyboard */ = {
			isa = PBXVariantGroup;
			children = (
				A03702941E0E77A300B0A249 /* Base */,
			);
			name = Main.storyboard;
			sourceTree = "<group>";
		};
		A03702981E0E77A300B0A249 /* LaunchScreen.storyboard */ = {
			isa = PBXVariantGroup;
			children = (
				A03702991E0E77A300B0A249 /* Base */,
			);
			name = LaunchScreen.storyboard;
			sourceTree = "<group>";
		};
/* End PBXVariantGroup section */

/* Begin XCBuildConfiguration section */
		A03702B21E0E77A300B0A249 /* Debug */ = {
			isa = XCBuildConfiguration;
			buildSettings = {
				ALWAYS_SEARCH_USER_PATHS = NO;
				CLANG_ANALYZER_NONNULL = YES;
				CLANG_CXX_LANGUAGE_STANDARD = "gnu++0x";
				CLANG_CXX_LIBRARY = "libc++";
				CLANG_ENABLE_MODULES = YES;
				CLANG_ENABLE_OBJC_ARC = YES;
				CLANG_WARN_BOOL_CONVERSION = YES;
				CLANG_WARN_CONSTANT_CONVERSION = YES;
				CLANG_WARN_DIRECT_OBJC_ISA_USAGE = YES_ERROR;
				CLANG_WARN_DOCUMENTATION_COMMENTS = YES;
				CLANG_WARN_EMPTY_BODY = YES;
				CLANG_WARN_ENUM_CONVERSION = YES;
				CLANG_WARN_INFINITE_RECURSION = YES;
				CLANG_WARN_INT_CONVERSION = YES;
				CLANG_WARN_OBJC_ROOT_CLASS = YES_ERROR;
				CLANG_WARN_SUSPICIOUS_MOVE = YES;
				CLANG_WARN_UNREACHABLE_CODE = YES;
				CLANG_WARN__DUPLICATE_METHOD_MATCH = YES;
				"CODE_SIGN_IDENTITY[sdk=iphoneos*]" = "iPhone Developer";
				COPY_PHASE_STRIP = NO;
				DEBUG_INFORMATION_FORMAT = dwarf;
				ENABLE_STRICT_OBJC_MSGSEND = YES;
				ENABLE_TESTABILITY = YES;
				GCC_C_LANGUAGE_STANDARD = gnu99;
				GCC_DYNAMIC_NO_PIC = NO;
				GCC_NO_COMMON_BLOCKS = YES;
				GCC_OPTIMIZATION_LEVEL = 0;
				GCC_PREPROCESSOR_DEFINITIONS = (
					"DEBUG=1",
					"$(inherited)",
				);
				GCC_WARN_64_TO_32_BIT_CONVERSION = YES;
				GCC_WARN_ABOUT_RETURN_TYPE = YES_ERROR;
				GCC_WARN_UNDECLARED_SELECTOR = YES;
				GCC_WARN_UNINITIALIZED_AUTOS = YES_AGGRESSIVE;
				GCC_WARN_UNUSED_FUNCTION = YES;
				GCC_WARN_UNUSED_VARIABLE = YES;
				IPHONEOS_DEPLOYMENT_TARGET = 10.2;
				MTL_ENABLE_DEBUG_INFO = YES;
				ONLY_ACTIVE_ARCH = YES;
				SDKROOT = iphoneos;
				TARGETED_DEVICE_FAMILY = "1,2";
			};
			name = Debug;
		};
		A03702B31E0E77A300B0A249 /* Release */ = {
			isa = XCBuildConfiguration;
			buildSettings = {
				ALWAYS_SEARCH_USER_PATHS = NO;
				CLANG_ANALYZER_NONNULL = YES;
				CLANG_CXX_LANGUAGE_STANDARD = "gnu++0x";
				CLANG_CXX_LIBRARY = "libc++";
				CLANG_ENABLE_MODULES = YES;
				CLANG_ENABLE_OBJC_ARC = YES;
				CLANG_WARN_BOOL_CONVERSION = YES;
				CLANG_WARN_CONSTANT_CONVERSION = YES;
				CLANG_WARN_DIRECT_OBJC_ISA_USAGE = YES_ERROR;
				CLANG_WARN_DOCUMENTATION_COMMENTS = YES;
				CLANG_WARN_EMPTY_BODY = YES;
				CLANG_WARN_ENUM_CONVERSION = YES;
				CLANG_WARN_INFINITE_RECURSION = YES;
				CLANG_WARN_INT_CONVERSION = YES;
				CLANG_WARN_OBJC_ROOT_CLASS = YES_ERROR;
				CLANG_WARN_SUSPICIOUS_MOVE = YES;
				CLANG_WARN_UNREACHABLE_CODE = YES;
				CLANG_WARN__DUPLICATE_METHOD_MATCH = YES;
				"CODE_SIGN_IDENTITY[sdk=iphoneos*]" = "iPhone Developer";
				COPY_PHASE_STRIP = NO;
				DEBUG_INFORMATION_FORMAT = "dwarf-with-dsym";
				ENABLE_NS_ASSERTIONS = NO;
				ENABLE_STRICT_OBJC_MSGSEND = YES;
				GCC_C_LANGUAGE_STANDARD = gnu99;
				GCC_NO_COMMON_BLOCKS = YES;
				GCC_WARN_64_TO_32_BIT_CONVERSION = YES;
				GCC_WARN_ABOUT_RETURN_TYPE = YES_ERROR;
				GCC_WARN_UNDECLARED_SELECTOR = YES;
				GCC_WARN_UNINITIALIZED_AUTOS = YES_AGGRESSIVE;
				GCC_WARN_UNUSED_FUNCTION = YES;
				GCC_WARN_UNUSED_VARIABLE = YES;
				IPHONEOS_DEPLOYMENT_TARGET = 10.2;
				MTL_ENABLE_DEBUG_INFO = NO;
				SDKROOT = iphoneos;
				TARGETED_DEVICE_FAMILY = "1,2";
				VALIDATE_PRODUCT = YES;
			};
			name = Release;
		};
		A03702B51E0E77A300B0A249 /* Debug */ = {
			isa = XCBuildConfiguration;
			baseConfigurationReference = 7B98849F65EDEA23922A9635 /* Pods-SocialStorage.debug.xcconfig */;
			buildSettings = {
				ASSETCATALOG_COMPILER_APPICON_NAME = AppIcon;
				INFOPLIST_FILE = SocialStorage/Info.plist;
				LD_RUNPATH_SEARCH_PATHS = "$(inherited) @executable_path/Frameworks";
				PRODUCT_BUNDLE_IDENTIFIER = YK.SocialStorage;
				PRODUCT_NAME = "$(TARGET_NAME)";
			};
			name = Debug;
		};
		A03702B61E0E77A300B0A249 /* Release */ = {
			isa = XCBuildConfiguration;
			baseConfigurationReference = 0A5079B249C6C57F04899B45 /* Pods-SocialStorage.release.xcconfig */;
			buildSettings = {
				ASSETCATALOG_COMPILER_APPICON_NAME = AppIcon;
				INFOPLIST_FILE = SocialStorage/Info.plist;
				LD_RUNPATH_SEARCH_PATHS = "$(inherited) @executable_path/Frameworks";
				PRODUCT_BUNDLE_IDENTIFIER = YK.SocialStorage;
				PRODUCT_NAME = "$(TARGET_NAME)";
			};
			name = Release;
		};
		A03702B81E0E77A300B0A249 /* Debug */ = {
			isa = XCBuildConfiguration;
			baseConfigurationReference = 6B8B2F3175C59E39EEB4131E /* Pods-SocialStorageTests.debug.xcconfig */;
			buildSettings = {
				BUNDLE_LOADER = "$(TEST_HOST)";
				INFOPLIST_FILE = SocialStorageTests/Info.plist;
				LD_RUNPATH_SEARCH_PATHS = "$(inherited) @executable_path/Frameworks @loader_path/Frameworks";
				PRODUCT_BUNDLE_IDENTIFIER = YK.SocialStorageTests;
				PRODUCT_NAME = "$(TARGET_NAME)";
				TEST_HOST = "$(BUILT_PRODUCTS_DIR)/SocialStorage.app/SocialStorage";
			};
			name = Debug;
		};
		A03702B91E0E77A300B0A249 /* Release */ = {
			isa = XCBuildConfiguration;
			baseConfigurationReference = 2678669AF501D85E336B9F11 /* Pods-SocialStorageTests.release.xcconfig */;
			buildSettings = {
				BUNDLE_LOADER = "$(TEST_HOST)";
				INFOPLIST_FILE = SocialStorageTests/Info.plist;
				LD_RUNPATH_SEARCH_PATHS = "$(inherited) @executable_path/Frameworks @loader_path/Frameworks";
				PRODUCT_BUNDLE_IDENTIFIER = YK.SocialStorageTests;
				PRODUCT_NAME = "$(TARGET_NAME)";
				TEST_HOST = "$(BUILT_PRODUCTS_DIR)/SocialStorage.app/SocialStorage";
			};
			name = Release;
		};
		A03702BB1E0E77A300B0A249 /* Debug */ = {
			isa = XCBuildConfiguration;
			baseConfigurationReference = A6BC195851DDF48ACB43088A /* Pods-SocialStorageUITests.debug.xcconfig */;
			buildSettings = {
				INFOPLIST_FILE = SocialStorageUITests/Info.plist;
				LD_RUNPATH_SEARCH_PATHS = "$(inherited) @executable_path/Frameworks @loader_path/Frameworks";
				PRODUCT_BUNDLE_IDENTIFIER = YK.SocialStorageUITests;
				PRODUCT_NAME = "$(TARGET_NAME)";
				TEST_TARGET_NAME = SocialStorage;
			};
			name = Debug;
		};
		A03702BC1E0E77A300B0A249 /* Release */ = {
			isa = XCBuildConfiguration;
			baseConfigurationReference = 355128658032E90388BCC87C /* Pods-SocialStorageUITests.release.xcconfig */;
			buildSettings = {
				INFOPLIST_FILE = SocialStorageUITests/Info.plist;
				LD_RUNPATH_SEARCH_PATHS = "$(inherited) @executable_path/Frameworks @loader_path/Frameworks";
				PRODUCT_BUNDLE_IDENTIFIER = YK.SocialStorageUITests;
				PRODUCT_NAME = "$(TARGET_NAME)";
				TEST_TARGET_NAME = SocialStorage;
			};
			name = Release;
		};
/* End XCBuildConfiguration section */

/* Begin XCConfigurationList section */
		A037027F1E0E77A200B0A249 /* Build configuration list for PBXProject "SocialStorage" */ = {
			isa = XCConfigurationList;
			buildConfigurations = (
				A03702B21E0E77A300B0A249 /* Debug */,
				A03702B31E0E77A300B0A249 /* Release */,
			);
			defaultConfigurationIsVisible = 0;
			defaultConfigurationName = Release;
		};
		A03702B41E0E77A300B0A249 /* Build configuration list for PBXNativeTarget "SocialStorage" */ = {
			isa = XCConfigurationList;
			buildConfigurations = (
				A03702B51E0E77A300B0A249 /* Debug */,
				A03702B61E0E77A300B0A249 /* Release */,
			);
			defaultConfigurationIsVisible = 0;
			defaultConfigurationName = Release;
		};
		A03702B71E0E77A300B0A249 /* Build configuration list for PBXNativeTarget "SocialStorageTests" */ = {
			isa = XCConfigurationList;
			buildConfigurations = (
				A03702B81E0E77A300B0A249 /* Debug */,
				A03702B91E0E77A300B0A249 /* Release */,
			);
			defaultConfigurationIsVisible = 0;
			defaultConfigurationName = Release;
		};
		A03702BA1E0E77A300B0A249 /* Build configuration list for PBXNativeTarget "SocialStorageUITests" */ = {
			isa = XCConfigurationList;
			buildConfigurations = (
				A03702BB1E0E77A300B0A249 /* Debug */,
				A03702BC1E0E77A300B0A249 /* Release */,
			);
			defaultConfigurationIsVisible = 0;
			defaultConfigurationName = Release;
		};
/* End XCConfigurationList section */
	};
	rootObject = A037027C1E0E77A200B0A249 /* Project object */;
}
